
Microsoft Visual Studio Solution File, Format Version 12.00
# Visual Studio Version 17
VisualStudioVersion = 17.3.32922.545
MinimumVisualStudioVersion = 10.0.40219.1
Project("{8BC9CEB8-8B4A-11D0-8D11-00A0C91BC942}") = "Footy2", "Footy2\Footy2.vcxproj", "{F0D0B106-5685-4F26-B6B9-F4B0276EF613}"
EndProject
Global
	GlobalSection(SolutionConfigurationPlatforms) = preSolution
		Debug|x64 = Debug|x64
		Debug|x86 = Debug|x86
		Release|x64 = Release|x64
		Release|x86 = Release|x86
	EndGlobalSection
	GlobalSection(ProjectConfigurationPlatforms) = postSolution
		{F0D0B106-5685-4F26-B6B9-F4B0276EF613}.Debug|x64.ActiveCfg = Debug|x64
		{F0D0B106-5685-4F26-B6B9-F4B0276EF613}.Debug|x64.Build.0 = Debug|x64
		{F0D0B106-5685-4F26-B6B9-F4B0276EF613}.Debug|x86.ActiveCfg = Debug|Win32
		{F0D0B106-5685-4F26-B6B9-F4B0276EF613}.Debug|x86.Build.0 = Debug|Win32
		{F0D0B106-5685-4F26-B6B9-F4B0276EF613}.Release|x64.ActiveCfg = Release|x64
		{F0D0B106-5685-4F26-B6B9-F4B0276EF613}.Release|x64.Build.0 = Release|x64
		{F0D0B106-5685-4F26-B6B9-F4B0276EF613}.Release|x86.ActiveCfg = Release|Win32
		{F0D0B106-5685-4F26-B6B9-F4B0276EF613}.Release|x86.Build.0 = Release|Win32
	EndGlobalSection
	GlobalSection(SolutionProperties) = preSolution
		HideSolutionNode = FALSE
	EndGlobalSection
	GlobalSection(ExtensibilityGlobals) = postSolution
		SolutionGuid = {B6313D19-7E21-4771-926D-FC3C8317E0B6}
	EndGlobalSection
EndGlobal
